
Microsoft Visual Studio Solution File, Format Version 12.00
# Visual Studio Version 17
VisualStudioVersion = 17.10.35013.160
MinimumVisualStudioVersion = 10.0.40219.1
Project("{FAE04EC0-301F-11D3-BF4B-00C04F79EFBC}") = "Web_TuyenDung", "Web_TuyenDung\Web_TuyenDung.csproj", "{10B6063A-39AF-4156-AA5C-931224705710}"
EndProject
Global
	GlobalSection(SolutionConfigurationPlatforms) = preSolution
		Debug|Any CPU = Debug|Any CPU
		Release|Any CPU = Release|Any CPU
	EndGlobalSection
	GlobalSection(ProjectConfigurationPlatforms) = postSolution
		{10B6063A-39AF-4156-AA5C-931224705710}.Debug|Any CPU.ActiveCfg = Debug|Any CPU
		{10B6063A-39AF-4156-AA5C-931224705710}.Debug|Any CPU.Build.0 = Debug|Any CPU
		{10B6063A-39AF-4156-AA5C-931224705710}.Release|Any CPU.ActiveCfg = Release|Any CPU
		{10B6063A-39AF-4156-AA5C-931224705710}.Release|Any CPU.Build.0 = Release|Any CPU
	EndGlobalSection
	GlobalSection(SolutionProperties) = preSolution
		HideSolutionNode = FALSE
	EndGlobalSection
	GlobalSection(ExtensibilityGlobals) = postSolution
		SolutionGuid = {F2DDF0E9-AF1E-42F4-8180-B8B5D6C19DED}
	EndGlobalSection
EndGlobal
